
Microsoft Visual Studio Solution File, Format Version 12.00
# Visual Studio Version 17
VisualStudioVersion = 17.0.32112.339
MinimumVisualStudioVersion = 10.0.40219.1
Project("{9A19103F-16F7-4668-BE54-9A1E7A4F7556}") = "Integral", "Integral.csproj", "{893C42EE-EBDB-4E13-B229-E71EC9E96445}"
EndProject
Project("{2150E333-8FDC-42A3-9474-1A3956D46DE8}") = "Solution Items", "Solution Items", "{4E2C84D6-5446-4C6F-9EC7-7486F97E72C9}"
	ProjectSection(SolutionItems) = preProject
		.editorconfig = .editorconfig
	EndProjectSection
EndProject
Project("{9A19103F-16F7-4668-BE54-9A1E7A4F7556}") = "WinForms", "WinForms\WinForms.csproj", "{9CF41E67-66AD-4639-812B-DF1F59F5ED0E}"
EndProject
Project("{C7167F0D-BC9F-4E6E-AFE1-012C56B48DB5}") = "Installer", "Installer\Installer.wapproj", "{DA158755-5D80-4F7D-BC58-0BD92F79138C}"
EndProject
Project("{FAE04EC0-301F-11D3-BF4B-00C04F79EFBC}") = "Tests", "Tests\Tests.csproj", "{E28B9B42-1E3F-48EE-B42E-C48583C14D56}"
EndProject
Global
	GlobalSection(SolutionConfigurationPlatforms) = preSolution
		Debug|Any CPU = Debug|Any CPU
		Debug|ARM = Debug|ARM
		Debug|ARM64 = Debug|ARM64
		Debug|x64 = Debug|x64
		Debug|x86 = Debug|x86
		Release|Any CPU = Release|Any CPU
		Release|ARM = Release|ARM
		Release|ARM64 = Release|ARM64
		Release|x64 = Release|x64
		Release|x86 = Release|x86
	EndGlobalSection
	GlobalSection(ProjectConfigurationPlatforms) = postSolution
		{893C42EE-EBDB-4E13-B229-E71EC9E96445}.Debug|Any CPU.ActiveCfg = Debug|Any CPU
		{893C42EE-EBDB-4E13-B229-E71EC9E96445}.Debug|Any CPU.Build.0 = Debug|Any CPU
		{893C42EE-EBDB-4E13-B229-E71EC9E96445}.Debug|ARM.ActiveCfg = Debug|Any CPU
		{893C42EE-EBDB-4E13-B229-E71EC9E96445}.Debug|ARM.Build.0 = Debug|Any CPU
		{893C42EE-EBDB-4E13-B229-E71EC9E96445}.Debug|ARM64.ActiveCfg = Debug|Any CPU
		{893C42EE-EBDB-4E13-B229-E71EC9E96445}.Debug|ARM64.Build.0 = Debug|Any CPU
		{893C42EE-EBDB-4E13-B229-E71EC9E96445}.Debug|x64.ActiveCfg = Debug|Any CPU
		{893C42EE-EBDB-4E13-B229-E71EC9E96445}.Debug|x64.Build.0 = Debug|Any CPU
		{893C42EE-EBDB-4E13-B229-E71EC9E96445}.Debug|x86.ActiveCfg = Debug|Any CPU
		{893C42EE-EBDB-4E13-B229-E71EC9E96445}.Debug|x86.Build.0 = Debug|Any CPU
		{893C42EE-EBDB-4E13-B229-E71EC9E96445}.Release|Any CPU.ActiveCfg = Release|Any CPU
		{893C42EE-EBDB-4E13-B229-E71EC9E96445}.Release|Any CPU.Build.0 = Release|Any CPU
		{893C42EE-EBDB-4E13-B229-E71EC9E96445}.Release|ARM.ActiveCfg = Release|Any CPU
		{893C42EE-EBDB-4E13-B229-E71EC9E96445}.Release|ARM.Build.0 = Release|Any CPU
		{893C42EE-EBDB-4E13-B229-E71EC9E96445}.Release|ARM64.ActiveCfg = Release|Any CPU
		{893C42EE-EBDB-4E13-B229-E71EC9E96445}.Release|ARM64.Build.0 = Release|Any CPU
		{893C42EE-EBDB-4E13-B229-E71EC9E96445}.Release|x64.ActiveCfg = Release|Any CPU
		{893C42EE-EBDB-4E13-B229-E71EC9E96445}.Release|x64.Build.0 = Release|Any CPU
		{893C42EE-EBDB-4E13-B229-E71EC9E96445}.Release|x86.ActiveCfg = Release|Any CPU
		{893C42EE-EBDB-4E13-B229-E71EC9E96445}.Release|x86.Build.0 = Release|Any CPU
		{9CF41E67-66AD-4639-812B-DF1F59F5ED0E}.Debug|Any CPU.ActiveCfg = Debug|Any CPU
		{9CF41E67-66AD-4639-812B-DF1F59F5ED0E}.Debug|Any CPU.Build.0 = Debug|Any CPU
		{9CF41E67-66AD-4639-812B-DF1F59F5ED0E}.Debug|ARM.ActiveCfg = Debug|Any CPU
		{9CF41E67-66AD-4639-812B-DF1F59F5ED0E}.Debug|ARM.Build.0 = Debug|Any CPU
		{9CF41E67-66AD-4639-812B-DF1F59F5ED0E}.Debug|ARM64.ActiveCfg = Debug|Any CPU
		{9CF41E67-66AD-4639-812B-DF1F59F5ED0E}.Debug|ARM64.Build.0 = Debug|Any CPU
		{9CF41E67-66AD-4639-812B-DF1F59F5ED0E}.Debug|x64.ActiveCfg = Debug|Any CPU
		{9CF41E67-66AD-4639-812B-DF1F59F5ED0E}.Debug|x64.Build.0 = Debug|Any CPU
		{9CF41E67-66AD-4639-812B-DF1F59F5ED0E}.Debug|x86.ActiveCfg = Debug|Any CPU
		{9CF41E67-66AD-4639-812B-DF1F59F5ED0E}.Debug|x86.Build.0 = Debug|Any CPU
		{9CF41E67-66AD-4639-812B-DF1F59F5ED0E}.Release|Any CPU.ActiveCfg = Release|Any CPU
		{9CF41E67-66AD-4639-812B-DF1F59F5ED0E}.Release|Any CPU.Build.0 = Release|Any CPU
		{9CF41E67-66AD-4639-812B-DF1F59F5ED0E}.Release|ARM.ActiveCfg = Release|Any CPU
		{9CF41E67-66AD-4639-812B-DF1F59F5ED0E}.Release|ARM.Build.0 = Release|Any CPU
		{9CF41E67-66AD-4639-812B-DF1F59F5ED0E}.Release|ARM64.ActiveCfg = Release|Any CPU
		{9CF41E67-66AD-4639-812B-DF1F59F5ED0E}.Release|ARM64.Build.0 = Release|Any CPU
		{9CF41E67-66AD-4639-812B-DF1F59F5ED0E}.Release|x64.ActiveCfg = Release|Any CPU
		{9CF41E67-66AD-4639-812B-DF1F59F5ED0E}.Release|x64.Build.0 = Release|Any CPU
		{9CF41E67-66AD-4639-812B-DF1F59F5ED0E}.Release|x86.ActiveCfg = Release|Any CPU
		{9CF41E67-66AD-4639-812B-DF1F59F5ED0E}.Release|x86.Build.0 = Release|Any CPU
		{DA158755-5D80-4F7D-BC58-0BD92F79138C}.Debug|Any CPU.ActiveCfg = Debug|Any CPU
		{DA158755-5D80-4F7D-BC58-0BD92F79138C}.Debug|Any CPU.Build.0 = Debug|Any CPU
		{DA158755-5D80-4F7D-BC58-0BD92F79138C}.Debug|Any CPU.Deploy.0 = Debug|Any CPU
		{DA158755-5D80-4F7D-BC58-0BD92F79138C}.Debug|ARM.ActiveCfg = Debug|ARM
		{DA158755-5D80-4F7D-BC58-0BD92F79138C}.Debug|ARM.Build.0 = Debug|ARM
		{DA158755-5D80-4F7D-BC58-0BD92F79138C}.Debug|ARM.Deploy.0 = Debug|ARM
		{DA158755-5D80-4F7D-BC58-0BD92F79138C}.Debug|ARM64.ActiveCfg = Debug|ARM64
		{DA158755-5D80-4F7D-BC58-0BD92F79138C}.Debug|ARM64.Build.0 = Debug|ARM64
		{DA158755-5D80-4F7D-BC58-0BD92F79138C}.Debug|ARM64.Deploy.0 = Debug|ARM64
		{DA158755-5D80-4F7D-BC58-0BD92F79138C}.Debug|x64.ActiveCfg = Debug|x64
		{DA158755-5D80-4F7D-BC58-0BD92F79138C}.Debug|x64.Build.0 = Debug|x64
		{DA158755-5D80-4F7D-BC58-0BD92F79138C}.Debug|x64.Deploy.0 = Debug|x64
		{DA158755-5D80-4F7D-BC58-0BD92F79138C}.Debug|x86.ActiveCfg = Debug|x86
		{DA158755-5D80-4F7D-BC58-0BD92F79138C}.Debug|x86.Build.0 = Debug|x86
		{DA158755-5D80-4F7D-BC58-0BD92F79138C}.Debug|x86.Deploy.0 = Debug|x86
		{DA158755-5D80-4F7D-BC58-0BD92F79138C}.Release|Any CPU.ActiveCfg = Release|Any CPU
		{DA158755-5D80-4F7D-BC58-0BD92F79138C}.Release|Any CPU.Build.0 = Release|Any CPU
		{DA158755-5D80-4F7D-BC58-0BD92F79138C}.Release|Any CPU.Deploy.0 = Release|Any CPU
		{DA158755-5D80-4F7D-BC58-0BD92F79138C}.Release|ARM.ActiveCfg = Release|ARM
		{DA158755-5D80-4F7D-BC58-0BD92F79138C}.Release|ARM.Build.0 = Release|ARM
		{DA158755-5D80-4F7D-BC58-0BD92F79138C}.Release|ARM.Deploy.0 = Release|ARM
		{DA158755-5D80-4F7D-BC58-0BD92F79138C}.Release|ARM64.ActiveCfg = Release|ARM64
		{DA158755-5D80-4F7D-BC58-0BD92F79138C}.Release|ARM64.Build.0 = Release|ARM64
		{DA158755-5D80-4F7D-BC58-0BD92F79138C}.Release|ARM64.Deploy.0 = Release|ARM64
		{DA158755-5D80-4F7D-BC58-0BD92F79138C}.Release|x64.ActiveCfg = Release|x64
		{DA158755-5D80-4F7D-BC58-0BD92F79138C}.Release|x64.Build.0 = Release|x64
		{DA158755-5D80-4F7D-BC58-0BD92F79138C}.Release|x64.Deploy.0 = Release|x64
		{DA158755-5D80-4F7D-BC58-0BD92F79138C}.Release|x86.ActiveCfg = Release|x86
		{DA158755-5D80-4F7D-BC58-0BD92F79138C}.Release|x86.Build.0 = Release|x86
		{DA158755-5D80-4F7D-BC58-0BD92F79138C}.Release|x86.Deploy.0 = Release|x86
		{E28B9B42-1E3F-48EE-B42E-C48583C14D56}.Debug|Any CPU.ActiveCfg = Debug|Any CPU
		{E28B9B42-1E3F-48EE-B42E-C48583C14D56}.Debug|Any CPU.Build.0 = Debug|Any CPU
		{E28B9B42-1E3F-48EE-B42E-C48583C14D56}.Debug|ARM.ActiveCfg = Debug|Any CPU
		{E28B9B42-1E3F-48EE-B42E-C48583C14D56}.Debug|ARM.Build.0 = Debug|Any CPU
		{E28B9B42-1E3F-48EE-B42E-C48583C14D56}.Debug|ARM64.ActiveCfg = Debug|Any CPU
		{E28B9B42-1E3F-48EE-B42E-C48583C14D56}.Debug|ARM64.Build.0 = Debug|Any CPU
		{E28B9B42-1E3F-48EE-B42E-C48583C14D56}.Debug|x64.ActiveCfg = Debug|Any CPU
		{E28B9B42-1E3F-48EE-B42E-C48583C14D56}.Debug|x64.Build.0 = Debug|Any CPU
		{E28B9B42-1E3F-48EE-B42E-C48583C14D56}.Debug|x86.ActiveCfg = Debug|Any CPU
		{E28B9B42-1E3F-48EE-B42E-C48583C14D56}.Debug|x86.Build.0 = Debug|Any CPU
		{E28B9B42-1E3F-48EE-B42E-C48583C14D56}.Release|Any CPU.ActiveCfg = Release|Any CPU
		{E28B9B42-1E3F-48EE-B42E-C48583C14D56}.Release|Any CPU.Build.0 = Release|Any CPU
		{E28B9B42-1E3F-48EE-B42E-C48583C14D56}.Release|ARM.ActiveCfg = Release|Any CPU
		{E28B9B42-1E3F-48EE-B42E-C48583C14D56}.Release|ARM.Build.0 = Release|Any CPU
		{E28B9B42-1E3F-48EE-B42E-C48583C14D56}.Release|ARM64.ActiveCfg = Release|Any CPU
		{E28B9B42-1E3F-48EE-B42E-C48583C14D56}.Release|ARM64.Build.0 = Release|Any CPU
		{E28B9B42-1E3F-48EE-B42E-C48583C14D56}.Release|x64.ActiveCfg = Release|Any CPU
		{E28B9B42-1E3F-48EE-B42E-C48583C14D56}.Release|x64.Build.0 = Release|Any CPU
		{E28B9B42-1E3F-48EE-B42E-C48583C14D56}.Release|x86.ActiveCfg = Release|Any CPU
		{E28B9B42-1E3F-48EE-B42E-C48583C14D56}.Release|x86.Build.0 = Release|Any CPU
	EndGlobalSection
	GlobalSection(SolutionProperties) = preSolution
		HideSolutionNode = FALSE
	EndGlobalSection
	GlobalSection(ExtensibilityGlobals) = postSolution
		SolutionGuid = {BAD03ABE-CE34-4DF3-9D81-C35709F6380B}
	EndGlobalSection
EndGlobal
