
Microsoft Visual Studio Solution File, Format Version 12.00
# Visual Studio Version 17
VisualStudioVersion = 17.0.32112.339
MinimumVisualStudioVersion = 10.0.40219.1
Project("{9A19103F-16F7-4668-BE54-9A1E7A4F7556}") = "Integral", "Integral.csproj", "{893C42EE-EBDB-4E13-B229-E71EC9E96445}"
EndProject
Project("{2150E333-8FDC-42A3-9474-1A3956D46DE8}") = "Solution Items", "Solution Items", "{4E2C84D6-5446-4C6F-9EC7-7486F97E72C9}"
	ProjectSection(SolutionItems) = preProject
		.editorconfig = .editorconfig
	EndProjectSection
EndProject
Project("{9A19103F-16F7-4668-BE54-9A1E7A4F7556}") = "WinForms", "WinForms\WinForms.csproj", "{EEE47134-DD55-46A7-88BA-037FB0C86B4E}"
EndProject
Global
	GlobalSection(SolutionConfigurationPlatforms) = preSolution
		Debug|Any CPU = Debug|Any CPU
		Release|Any CPU = Release|Any CPU
	EndGlobalSection
	GlobalSection(ProjectConfigurationPlatforms) = postSolution
		{893C42EE-EBDB-4E13-B229-E71EC9E96445}.Debug|Any CPU.ActiveCfg = Debug|Any CPU
		{893C42EE-EBDB-4E13-B229-E71EC9E96445}.Debug|Any CPU.Build.0 = Debug|Any CPU
		{893C42EE-EBDB-4E13-B229-E71EC9E96445}.Release|Any CPU.ActiveCfg = Release|Any CPU
		{893C42EE-EBDB-4E13-B229-E71EC9E96445}.Release|Any CPU.Build.0 = Release|Any CPU
		{EEE47134-DD55-46A7-88BA-037FB0C86B4E}.Debug|Any CPU.ActiveCfg = Debug|Any CPU
		{EEE47134-DD55-46A7-88BA-037FB0C86B4E}.Debug|Any CPU.Build.0 = Debug|Any CPU
		{EEE47134-DD55-46A7-88BA-037FB0C86B4E}.Release|Any CPU.ActiveCfg = Release|Any CPU
		{EEE47134-DD55-46A7-88BA-037FB0C86B4E}.Release|Any CPU.Build.0 = Release|Any CPU
	EndGlobalSection
	GlobalSection(SolutionProperties) = preSolution
		HideSolutionNode = FALSE
	EndGlobalSection
	GlobalSection(ExtensibilityGlobals) = postSolution
		SolutionGuid = {BAD03ABE-CE34-4DF3-9D81-C35709F6380B}
	EndGlobalSection
EndGlobal
